# This file is automatically @generated by Cargo.
# It is not intended for manual editing.
version = 4

[[package]]
name = "c20-advanced-features"
version = "0.1.0"
dependencies = [
 "ctor",
 "hello_macro",
 "hello_macro_derive",
 "once_cell",
 "route_macro",
]

[[package]]
name = "ctor"
version = "0.4.2"
source = "registry+https://github.com/rust-lang/crates.io-index"
checksum = "a4735f265ba6a1188052ca32d461028a7d1125868be18e287e756019da7607b5"
dependencies = [
 "ctor-proc-macro",
 "dtor",
]

[[package]]
name = "ctor-proc-macro"
version = "0.0.5"
source = "registry+https://github.com/rust-lang/crates.io-index"
checksum = "4f211af61d8efdd104f96e57adf5e426ba1bc3ed7a4ead616e15e5881fd79c4d"

[[package]]
name = "dtor"
version = "0.0.6"
source = "registry+https://github.com/rust-lang/crates.io-index"
checksum = "97cbdf2ad6846025e8e25df05171abfb30e3ababa12ee0a0e44b9bbe570633a8"
dependencies = [
 "dtor-proc-macro",
]

[[package]]
name = "dtor-proc-macro"
version = "0.0.5"
source = "registry+https://github.com/rust-lang/crates.io-index"
checksum = "7454e41ff9012c00d53cf7f475c5e3afa3b91b7c90568495495e8d9bf47a1055"

[[package]]
name = "hello_macro"
version = "0.1.0"

[[package]]
name = "hello_macro_derive"
version = "0.1.0"
dependencies = [
 "quote",
 "syn",
]

[[package]]
name = "once_cell"
version = "1.21.3"
source = "registry+https://github.com/rust-lang/crates.io-index"
checksum = "42f5e15c9953c5e4ccceeb2e7382a716482c34515315f7b03532b8b4e8393d2d"

[[package]]
name = "proc-macro2"
version = "1.0.95"
source = "registry+https://github.com/rust-lang/crates.io-index"
checksum = "02b3e5e68a3a1a02aad3ec490a98007cbc13c37cbe84a3cd7b8e406d76e7f778"
dependencies = [
 "unicode-ident",
]

[[package]]
name = "quote"
version = "1.0.40"
source = "registry+https://github.com/rust-lang/crates.io-index"
checksum = "1885c039570dc00dcb4ff087a89e185fd56bae234ddc7f056a945bf36467248d"
dependencies = [
 "proc-macro2",
]

[[package]]
name = "route_macro"
version = "0.1.0"
dependencies = [
 "ctor",
 "quote",
 "syn",
]

[[package]]
name = "syn"
version = "2.0.104"
source = "registry+https://github.com/rust-lang/crates.io-index"
checksum = "17b6f705963418cdb9927482fa304bc562ece2fdd4f616084c50b7023b435a40"
dependencies = [
 "proc-macro2",
 "quote",
 "unicode-ident",
]

[[package]]
name = "unicode-ident"
version = "1.0.18"
source = "registry+https://github.com/rust-lang/crates.io-index"
checksum = "5a5f39404a5da50712a4c1eecf25e90dd62b613502b7e925fd4e4d19b5c96512"
